PODS:
  - M5MultitouchSupport (1.1.0):
    - M5MultitouchSupport/Internal (= 1.1.0)
  - M5MultitouchSupport/Internal (1.1.0)

DEPENDENCIES:
  - M5MultitouchSupport

SPEC REPOS:
  trunk:
    - M5MultitouchSupport

SPEC CHECKSUMS:
  M5MultitouchSupport: ea076d72161140e3d37fb3d474b597aa5cd15484

PODFILE CHECKSUM: 561cbca6f619f1ebedd433af851cb3d5b0033c2f

COCOAPODS: 1.11.3
