// !$*UTF8*$!
{
	archiveVersion = 1;
	classes = {
	};
	objectVersion = 55;
	objects = {

/* Begin PBXBuildFile section */
		588922D429BB490400F7F843 /* AppSwitcher.swift in Sources */ = {isa = PBXBuildFile; fileRef = 588922D329BB490400F7F843 /* AppSwitcher.swift */; };
		58BC5B2C28B3C4C30013EAD3 /* SwipeManager.swift in Sources */ = {isa = PBXBuildFile; fileRef = 58BC5B2828B3C4C30013EAD3 /* SwipeManager.swift */; };
		58BC5B2D28B3C4C30013EAD3 /* Assets.xcassets in Resources */ = {isa = PBXBuildFile; fileRef = 58BC5B2928B3C4C30013EAD3 /* Assets.xcassets */; };
		58BC5B2E28B3C4C30013EAD3 /* AppDelegate.swift in Sources */ = {isa = PBXBuildFile; fileRef = 58BC5B2A28B3C4C30013EAD3 /* AppDelegate.swift */; };
		58BC5B2F28B3C4C30013EAD3 /* main.swift in Sources */ = {isa = PBXBuildFile; fileRef = 58BC5B2B28B3C4C30013EAD3 /* main.swift */; };
		58D3F9F42A8E14C80021A532 /* PrivacyHelper.swift in Sources */ = {isa = PBXBuildFile; fileRef = 58D3F9F32A8E14C80021A532 /* PrivacyHelper.swift */; };
		58DE49CA29D09BB70025BE44 /* AboutView.swift in Sources */ = {isa = PBXBuildFile; fileRef = 58DE49C929D09BB70025BE44 /* AboutView.swift */; };
		58FBBBE529D20D3600A15F66 /* BundleInfo.swift in Sources */ = {isa = PBXBuildFile; fileRef = 58FBBBE429D20D3600A15F66 /* BundleInfo.swift */; };
/* End PBXBuildFile section */

/* Begin PBXFileReference section */
		588922D329BB490400F7F843 /* AppSwitcher.swift */ = {isa = PBXFileReference; lastKnownFileType = sourcecode.swift; path = AppSwitcher.swift; sourceTree = "<group>"; };
		58BC5B1528B3C37B0013EAD3 /* Touch-Tab.app */ = {isa = PBXFileReference; explicitFileType = wrapper.application; includeInIndex = 0; path = "Touch-Tab.app"; sourceTree = BUILT_PRODUCTS_DIR; };
		58BC5B2828B3C4C30013EAD3 /* SwipeManager.swift */ = {isa = PBXFileReference; fileEncoding = 4; lastKnownFileType = sourcecode.swift; path = SwipeManager.swift; sourceTree = "<group>"; };
		58BC5B2928B3C4C30013EAD3 /* Assets.xcassets */ = {isa = PBXFileReference; lastKnownFileType = folder.assetcatalog; path = Assets.xcassets; sourceTree = "<group>"; };
		58BC5B2A28B3C4C30013EAD3 /* AppDelegate.swift */ = {isa = PBXFileReference; fileEncoding = 4; lastKnownFileType = sourcecode.swift; path = AppDelegate.swift; sourceTree = "<group>"; };
		58BC5B2B28B3C4C30013EAD3 /* main.swift */ = {isa = PBXFileReference; fileEncoding = 4; lastKnownFileType = sourcecode.swift; path = main.swift; sourceTree = "<group>"; };
		58D3F9F32A8E14C80021A532 /* PrivacyHelper.swift */ = {isa = PBXFileReference; lastKnownFileType = sourcecode.swift; path = PrivacyHelper.swift; sourceTree = "<group>"; };
		58D3F9F52A8E15E50021A532 /* Touch-Tab.entitlements */ = {isa = PBXFileReference; lastKnownFileType = text.plist.entitlements; path = "Touch-Tab.entitlements"; sourceTree = "<group>"; };
		58DE49C929D09BB70025BE44 /* AboutView.swift */ = {isa = PBXFileReference; lastKnownFileType = sourcecode.swift; path = AboutView.swift; sourceTree = "<group>"; };
		58FBBBE429D20D3600A15F66 /* BundleInfo.swift */ = {isa = PBXFileReference; lastKnownFileType = sourcecode.swift; path = BundleInfo.swift; sourceTree = "<group>"; };
/* End PBXFileReference section */

/* Begin PBXGroup section */
		58BC5B0C28B3C37B0013EAD3 = {
			isa = PBXGroup;
			children = (
				58BC5B1728B3C37B0013EAD3 /* Touch-Tab */,
				58BC5B1628B3C37B0013EAD3 /* Products */,
			);
			sourceTree = "<group>";
		};
		58BC5B1628B3C37B0013EAD3 /* Products */ = {
			isa = PBXGroup;
			children = (
				58BC5B1528B3C37B0013EAD3 /* Touch-Tab.app */,
			);
			name = Products;
			sourceTree = "<group>";
		};
		58BC5B1728B3C37B0013EAD3 /* Touch-Tab */ = {
			isa = PBXGroup;
			children = (
				58D3F9F52A8E15E50021A532 /* Touch-Tab.entitlements */,
				58FBBBE429D20D3600A15F66 /* BundleInfo.swift */,
				58BC5B2A28B3C4C30013EAD3 /* AppDelegate.swift */,
				58BC5B2928B3C4C30013EAD3 /* Assets.xcassets */,
				58BC5B2B28B3C4C30013EAD3 /* main.swift */,
				58BC5B2828B3C4C30013EAD3 /* SwipeManager.swift */,
				588922D329BB490400F7F843 /* AppSwitcher.swift */,
				58DE49C929D09BB70025BE44 /* AboutView.swift */,
				58D3F9F32A8E14C80021A532 /* PrivacyHelper.swift */,
			);
			path = "Touch-Tab";
			sourceTree = "<group>";
		};
/* End PBXGroup section */

/* Begin PBXNativeTarget section */
		58BC5B1428B3C37B0013EAD3 /* Touch-Tab */ = {
			isa = PBXNativeTarget;
			buildConfigurationList = 58BC5B2428B3C37E0013EAD3 /* Build configuration list for PBXNativeTarget "Touch-Tab" */;
			buildPhases = (
				58BC5B1128B3C37B0013EAD3 /* Sources */,
				58BC5B1328B3C37B0013EAD3 /* Resources */,
			);
			buildRules = (
			);
			dependencies = (
			);
			name = "Touch-Tab";
			productName = "Touch-Tab";
			productReference = 58BC5B1528B3C37B0013EAD3 /* Touch-Tab.app */;
			productType = "com.apple.product-type.application";
		};
/* End PBXNativeTarget section */

/* Begin PBXProject section */
		58BC5B0D28B3C37B0013EAD3 /* Project object */ = {
			isa = PBXProject;
			attributes = {
				BuildIndependentTargetsInParallel = 1;
				LastSwiftUpdateCheck = 1340;
				LastUpgradeCheck = 1340;
				TargetAttributes = {
					58BC5B1428B3C37B0013EAD3 = {
						CreatedOnToolsVersion = 13.4.1;
						LastSwiftMigration = 1340;
					};
				};
			};
			buildConfigurationList = 58BC5B1028B3C37B0013EAD3 /* Build configuration list for PBXProject "Touch-Tab" */;
			compatibilityVersion = "Xcode 13.0";
			developmentRegion = en;
			hasScannedForEncodings = 0;
			knownRegions = (
				en,
				Base,
			);
			mainGroup = 58BC5B0C28B3C37B0013EAD3;
			productRefGroup = 58BC5B1628B3C37B0013EAD3 /* Products */;
			projectDirPath = "";
			projectRoot = "";
			targets = (
				58BC5B1428B3C37B0013EAD3 /* Touch-Tab */,
			);
		};
/* End PBXProject section */

/* Begin PBXResourcesBuildPhase section */
		58BC5B1328B3C37B0013EAD3 /* Resources */ = {
			isa = PBXResourcesBuildPhase;
			buildActionMask = 2147483647;
			files = (
				58BC5B2D28B3C4C30013EAD3 /* Assets.xcassets in Resources */,
			);
			runOnlyForDeploymentPostprocessing = 0;
		};
/* End PBXResourcesBuildPhase section */

/* Begin PBXSourcesBuildPhase section */
		58BC5B1128B3C37B0013EAD3 /* Sources */ = {
			isa = PBXSourcesBuildPhase;
			buildActionMask = 2147483647;
			files = (
				58BC5B2E28B3C4C30013EAD3 /* AppDelegate.swift in Sources */,
				58BC5B2C28B3C4C30013EAD3 /* SwipeManager.swift in Sources */,
				588922D429BB490400F7F843 /* AppSwitcher.swift in Sources */,
				58FBBBE529D20D3600A15F66 /* BundleInfo.swift in Sources */,
				58BC5B2F28B3C4C30013EAD3 /* main.swift in Sources */,
				58DE49CA29D09BB70025BE44 /* AboutView.swift in Sources */,
				58D3F9F42A8E14C80021A532 /* PrivacyHelper.swift in Sources */,
			);
			runOnlyForDeploymentPostprocessing = 0;
		};
/* End PBXSourcesBuildPhase section */

/* Begin XCBuildConfiguration section */
		58BC5B2228B3C37E0013EAD3 /* Debug */ = {
			isa = XCBuildConfiguration;
			buildSettings = {
				ALWAYS_SEARCH_USER_PATHS = NO;
				CLANG_ANALYZER_NONNULL = YES;
				CLANG_ANALYZER_NUMBER_OBJECT_CONVERSION = YES_AGGRESSIVE;
				CLANG_CXX_LANGUAGE_STANDARD = "gnu++17";
				CLANG_ENABLE_MODULES = YES;
				CLANG_ENABLE_OBJC_ARC = YES;
				CLANG_ENABLE_OBJC_WEAK = YES;
				CLANG_WARN_BLOCK_CAPTURE_AUTORELEASING = YES;
				CLANG_WARN_BOOL_CONVERSION = YES;
				CLANG_WARN_COMMA = YES;
				CLANG_WARN_CONSTANT_CONVERSION = YES;
				CLANG_WARN_DEPRECATED_OBJC_IMPLEMENTATIONS = YES;
				CLANG_WARN_DIRECT_OBJC_ISA_USAGE = YES_ERROR;
				CLANG_WARN_DOCUMENTATION_COMMENTS = YES;
				CLANG_WARN_EMPTY_BODY = YES;
				CLANG_WARN_ENUM_CONVERSION = YES;
				CLANG_WARN_INFINITE_RECURSION = YES;
				CLANG_WARN_INT_CONVERSION = YES;
				CLANG_WARN_NON_LITERAL_NULL_CONVERSION = YES;
				CLANG_WARN_OBJC_IMPLICIT_RETAIN_SELF = YES;
				CLANG_WARN_OBJC_LITERAL_CONVERSION = YES;
				CLANG_WARN_OBJC_ROOT_CLASS = YES_ERROR;
				CLANG_WARN_QUOTED_INCLUDE_IN_FRAMEWORK_HEADER = YES;
				CLANG_WARN_RANGE_LOOP_ANALYSIS = YES;
				CLANG_WARN_STRICT_PROTOTYPES = YES;
				CLANG_WARN_SUSPICIOUS_MOVE = YES;
				CLANG_WARN_UNGUARDED_AVAILABILITY = YES_AGGRESSIVE;
				CLANG_WARN_UNREACHABLE_CODE = YES;
				CLANG_WARN__DUPLICATE_METHOD_MATCH = YES;
				COPY_PHASE_STRIP = NO;
				DEBUG_INFORMATION_FORMAT = dwarf;
				ENABLE_STRICT_OBJC_MSGSEND = YES;
				ENABLE_TESTABILITY = YES;
				GCC_C_LANGUAGE_STANDARD = gnu11;
				GCC_DYNAMIC_NO_PIC = NO;
				GCC_NO_COMMON_BLOCKS = YES;
				GCC_OPTIMIZATION_LEVEL = 0;
				GCC_PREPROCESSOR_DEFINITIONS = (
					"DEBUG=1",
					"$(inherited)",
				);
				GCC_WARN_64_TO_32_BIT_CONVERSION = YES;
				GCC_WARN_ABOUT_RETURN_TYPE = YES_ERROR;
				GCC_WARN_UNDECLARED_SELECTOR = YES;
				GCC_WARN_UNINITIALIZED_AUTOS = YES_AGGRESSIVE;
				GCC_WARN_UNUSED_FUNCTION = YES;
				GCC_WARN_UNUSED_VARIABLE = YES;
				MACOSX_DEPLOYMENT_TARGET = 10.15;
				MTL_ENABLE_DEBUG_INFO = INCLUDE_SOURCE;
				MTL_FAST_MATH = YES;
				ONLY_ACTIVE_ARCH = YES;
				SDKROOT = macosx;
				SWIFT_ACTIVE_COMPILATION_CONDITIONS = DEBUG;
				SWIFT_OPTIMIZATION_LEVEL = "-Onone";
			};
			name = Debug;
		};
		58BC5B2328B3C37E0013EAD3 /* Release */ = {
			isa = XCBuildConfiguration;
			buildSettings = {
				ALWAYS_SEARCH_USER_PATHS = NO;
				CLANG_ANALYZER_NONNULL = YES;
				CLANG_ANALYZER_NUMBER_OBJECT_CONVERSION = YES_AGGRESSIVE;
				CLANG_CXX_LANGUAGE_STANDARD = "gnu++17";
				CLANG_ENABLE_MODULES = YES;
				CLANG_ENABLE_OBJC_ARC = YES;
				CLANG_ENABLE_OBJC_WEAK = YES;
				CLANG_WARN_BLOCK_CAPTURE_AUTORELEASING = YES;
				CLANG_WARN_BOOL_CONVERSION = YES;
				CLANG_WARN_COMMA = YES;
				CLANG_WARN_CONSTANT_CONVERSION = YES;
				CLANG_WARN_DEPRECATED_OBJC_IMPLEMENTATIONS = YES;
				CLANG_WARN_DIRECT_OBJC_ISA_USAGE = YES_ERROR;
				CLANG_WARN_DOCUMENTATION_COMMENTS = YES;
				CLANG_WARN_EMPTY_BODY = YES;
				CLANG_WARN_ENUM_CONVERSION = YES;
				CLANG_WARN_INFINITE_RECURSION = YES;
				CLANG_WARN_INT_CONVERSION = YES;
				CLANG_WARN_NON_LITERAL_NULL_CONVERSION = YES;
				CLANG_WARN_OBJC_IMPLICIT_RETAIN_SELF = YES;
				CLANG_WARN_OBJC_LITERAL_CONVERSION = YES;
				CLANG_WARN_OBJC_ROOT_CLASS = YES_ERROR;
				CLANG_WARN_QUOTED_INCLUDE_IN_FRAMEWORK_HEADER = YES;
				CLANG_WARN_RANGE_LOOP_ANALYSIS = YES;
				CLANG_WARN_STRICT_PROTOTYPES = YES;
				CLANG_WARN_SUSPICIOUS_MOVE = YES;
				CLANG_WARN_UNGUARDED_AVAILABILITY = YES_AGGRESSIVE;
				CLANG_WARN_UNREACHABLE_CODE = YES;
				CLANG_WARN__DUPLICATE_METHOD_MATCH = YES;
				COPY_PHASE_STRIP = NO;
				DEBUG_INFORMATION_FORMAT = "dwarf-with-dsym";
				ENABLE_NS_ASSERTIONS = NO;
				ENABLE_STRICT_OBJC_MSGSEND = YES;
				GCC_C_LANGUAGE_STANDARD = gnu11;
				GCC_NO_COMMON_BLOCKS = YES;
				GCC_WARN_64_TO_32_BIT_CONVERSION = YES;
				GCC_WARN_ABOUT_RETURN_TYPE = YES_ERROR;
				GCC_WARN_UNDECLARED_SELECTOR = YES;
				GCC_WARN_UNINITIALIZED_AUTOS = YES_AGGRESSIVE;
				GCC_WARN_UNUSED_FUNCTION = YES;
				GCC_WARN_UNUSED_VARIABLE = YES;
				MACOSX_DEPLOYMENT_TARGET = 10.15;
				MTL_ENABLE_DEBUG_INFO = NO;
				MTL_FAST_MATH = YES;
				SDKROOT = macosx;
				SWIFT_COMPILATION_MODE = wholemodule;
				SWIFT_OPTIMIZATION_LEVEL = "-O";
			};
			name = Release;
		};
		58BC5B2528B3C37E0013EAD3 /* Debug */ = {
			isa = XCBuildConfiguration;
			buildSettings = {
				ASSETCATALOG_COMPILER_APPICON_NAME = AppIcon;
				CLANG_ENABLE_MODULES = YES;
				CODE_SIGN_ENTITLEMENTS = "Touch-Tab/Touch-Tab.entitlements";
				CODE_SIGN_STYLE = Automatic;
				COMBINE_HIDPI_IMAGES = YES;
				CURRENT_PROJECT_VERSION = 8;
				DEVELOPMENT_TEAM = "";
				ENABLE_HARDENED_RUNTIME = YES;
				ENABLE_PREVIEWS = YES;
				GENERATE_INFOPLIST_FILE = YES;
				INFOPLIST_KEY_CFBundleDisplayName = "Touch-Tab";
				INFOPLIST_KEY_LSApplicationCategoryType = "public.app-category.productivity";
				INFOPLIST_KEY_LSUIElement = YES;
				INFOPLIST_KEY_NSHumanReadableCopyright = "© Ilya Rodionov";
				LD_RUNPATH_SEARCH_PATHS = (
					"$(inherited)",
					"@executable_path/../Frameworks",
				);
				MARKETING_VERSION = 1.4.0;
				PRODUCT_BUNDLE_IDENTIFIER = "ris58h.Touch-Tab";
				PRODUCT_NAME = "$(TARGET_NAME)";
				SWIFT_EMIT_LOC_STRINGS = YES;
				SWIFT_OPTIMIZATION_LEVEL = "-Onone";
				SWIFT_VERSION = 5.0;
			};
			name = Debug;
		};
		58BC5B2628B3C37E0013EAD3 /* Release */ = {
			isa = XCBuildConfiguration;
			buildSettings = {
				ASSETCATALOG_COMPILER_APPICON_NAME = AppIcon;
				CLANG_ENABLE_MODULES = YES;
				CODE_SIGN_ENTITLEMENTS = "Touch-Tab/Touch-Tab.entitlements";
				CODE_SIGN_STYLE = Automatic;
				COMBINE_HIDPI_IMAGES = YES;
				CURRENT_PROJECT_VERSION = 8;
				DEVELOPMENT_TEAM = "";
				ENABLE_HARDENED_RUNTIME = YES;
				ENABLE_PREVIEWS = YES;
				GENERATE_INFOPLIST_FILE = YES;
				INFOPLIST_KEY_CFBundleDisplayName = "Touch-Tab";
				INFOPLIST_KEY_LSApplicationCategoryType = "public.app-category.productivity";
				INFOPLIST_KEY_LSUIElement = YES;
				INFOPLIST_KEY_NSHumanReadableCopyright = "© Ilya Rodionov";
				LD_RUNPATH_SEARCH_PATHS = (
					"$(inherited)",
					"@executable_path/../Frameworks",
				);
				MARKETING_VERSION = 1.4.0;
				PRODUCT_BUNDLE_IDENTIFIER = "ris58h.Touch-Tab";
				PRODUCT_NAME = "$(TARGET_NAME)";
				SWIFT_EMIT_LOC_STRINGS = YES;
				SWIFT_VERSION = 5.0;
			};
			name = Release;
		};
/* End XCBuildConfiguration section */

/* Begin XCConfigurationList section */
		58BC5B1028B3C37B0013EAD3 /* Build configuration list for PBXProject "Touch-Tab" */ = {
			isa = XCConfigurationList;
			buildConfigurations = (
				58BC5B2228B3C37E0013EAD3 /* Debug */,
				58BC5B2328B3C37E0013EAD3 /* Release */,
			);
			defaultConfigurationIsVisible = 0;
			defaultConfigurationName = Release;
		};
		58BC5B2428B3C37E0013EAD3 /* Build configuration list for PBXNativeTarget "Touch-Tab" */ = {
			isa = XCConfigurationList;
			buildConfigurations = (
				58BC5B2528B3C37E0013EAD3 /* Debug */,
				58BC5B2628B3C37E0013EAD3 /* Release */,
			);
			defaultConfigurationIsVisible = 0;
			defaultConfigurationName = Release;
		};
/* End XCConfigurationList section */
	};
	rootObject = 58BC5B0D28B3C37B0013EAD3 /* Project object */;
}
