// !$*UTF8*$!
{
	archiveVersion = 1;
	classes = {
	};
	objectVersion = 55;
	objects = {

/* Begin PBXBuildFile section */
		58BC5B2C28B3C4C30013EAD3 /* SwipeManager.swift in Sources */ = {isa = PBXBuildFile; fileRef = 58BC5B2828B3C4C30013EAD3 /* SwipeManager.swift */; };
		58BC5B2D28B3C4C30013EAD3 /* Assets.xcassets in Resources */ = {isa = PBXBuildFile; fileRef = 58BC5B2928B3C4C30013EAD3 /* Assets.xcassets */; };
		58BC5B2E28B3C4C30013EAD3 /* AppDelegate.swift in Sources */ = {isa = PBXBuildFile; fileRef = 58BC5B2A28B3C4C30013EAD3 /* AppDelegate.swift */; };
		58BC5B2F28B3C4C30013EAD3 /* main.swift in Sources */ = {isa = PBXBuildFile; fileRef = 58BC5B2B28B3C4C30013EAD3 /* main.swift */; };
		A36F43A88C3243287D04CAD5 /* Pods_Touch_Tab.framework in Frameworks */ = {isa = PBXBuildFile; fileRef = 17147BD098F50957F7C7ADCB /* Pods_Touch_Tab.framework */; };
/* End PBXBuildFile section */

/* Begin PBXFileReference section */
		17147BD098F50957F7C7ADCB /* Pods_Touch_Tab.framework */ = {isa = PBXFileReference; explicitFileType = wrapper.framework; includeInIndex = 0; path = Pods_Touch_Tab.framework; sourceTree = BUILT_PRODUCTS_DIR; };
		1895588D30A0C0EE053A4AD3 /* Pods-Touch-Tab.debug.xcconfig */ = {isa = PBXFileReference; includeInIndex = 1; lastKnownFileType = text.xcconfig; name = "Pods-Touch-Tab.debug.xcconfig"; path = "Target Support Files/Pods-Touch-Tab/Pods-Touch-Tab.debug.xcconfig"; sourceTree = "<group>"; };
		58BC5B1528B3C37B0013EAD3 /* Touch-Tab.app */ = {isa = PBXFileReference; explicitFileType = wrapper.application; includeInIndex = 0; path = "Touch-Tab.app"; sourceTree = BUILT_PRODUCTS_DIR; };
		58BC5B1C28B3C37E0013EAD3 /* Assets.xcassets */ = {isa = PBXFileReference; lastKnownFileType = folder.assetcatalog; path = Assets.xcassets; sourceTree = "<group>"; };
		58BC5B2128B3C37E0013EAD3 /* Touch_Tab.entitlements */ = {isa = PBXFileReference; lastKnownFileType = text.plist.entitlements; path = Touch_Tab.entitlements; sourceTree = "<group>"; };
		58BC5B2728B3C4690013EAD3 /* Info.plist */ = {isa = PBXFileReference; lastKnownFileType = text.plist; path = Info.plist; sourceTree = "<group>"; };
		58BC5B2828B3C4C30013EAD3 /* SwipeManager.swift */ = {isa = PBXFileReference; fileEncoding = 4; lastKnownFileType = sourcecode.swift; path = SwipeManager.swift; sourceTree = "<group>"; };
		58BC5B2928B3C4C30013EAD3 /* Assets.xcassets */ = {isa = PBXFileReference; lastKnownFileType = folder.assetcatalog; path = Assets.xcassets; sourceTree = "<group>"; };
		58BC5B2A28B3C4C30013EAD3 /* AppDelegate.swift */ = {isa = PBXFileReference; fileEncoding = 4; lastKnownFileType = sourcecode.swift; path = AppDelegate.swift; sourceTree = "<group>"; };
		58BC5B2B28B3C4C30013EAD3 /* main.swift */ = {isa = PBXFileReference; fileEncoding = 4; lastKnownFileType = sourcecode.swift; path = main.swift; sourceTree = "<group>"; };
		B3C1D4067705F92EBBB19B65 /* Pods-Touch-Tab.release.xcconfig */ = {isa = PBXFileReference; includeInIndex = 1; lastKnownFileType = text.xcconfig; name = "Pods-Touch-Tab.release.xcconfig"; path = "Target Support Files/Pods-Touch-Tab/Pods-Touch-Tab.release.xcconfig"; sourceTree = "<group>"; };
/* End PBXFileReference section */

/* Begin PBXFrameworksBuildPhase section */
		58BC5B1228B3C37B0013EAD3 /* Frameworks */ = {
			isa = PBXFrameworksBuildPhase;
			buildActionMask = 2147483647;
			files = (
				A36F43A88C3243287D04CAD5 /* Pods_Touch_Tab.framework in Frameworks */,
			);
			runOnlyForDeploymentPostprocessing = 0;
		};
/* End PBXFrameworksBuildPhase section */

/* Begin PBXGroup section */
		58BC5B0C28B3C37B0013EAD3 = {
			isa = PBXGroup;
			children = (
				58BC5B1728B3C37B0013EAD3 /* Touch-Tab */,
				58BC5B1628B3C37B0013EAD3 /* Products */,
				A2B80F83936961C5C3F28572 /* Pods */,
				6D6950BC78689AB15795512E /* Frameworks */,
			);
			sourceTree = "<group>";
		};
		58BC5B1628B3C37B0013EAD3 /* Products */ = {
			isa = PBXGroup;
			children = (
				58BC5B1528B3C37B0013EAD3 /* Touch-Tab.app */,
			);
			name = Products;
			sourceTree = "<group>";
		};
		58BC5B1728B3C37B0013EAD3 /* Touch-Tab */ = {
			isa = PBXGroup;
			children = (
				58BC5B2A28B3C4C30013EAD3 /* AppDelegate.swift */,
				58BC5B2928B3C4C30013EAD3 /* Assets.xcassets */,
				58BC5B2B28B3C4C30013EAD3 /* main.swift */,
				58BC5B2828B3C4C30013EAD3 /* SwipeManager.swift */,
				58BC5B2728B3C4690013EAD3 /* Info.plist */,
				58BC5B1C28B3C37E0013EAD3 /* Assets.xcassets */,
				58BC5B2128B3C37E0013EAD3 /* Touch_Tab.entitlements */,
			);
			path = "Touch-Tab";
			sourceTree = "<group>";
		};
		6D6950BC78689AB15795512E /* Frameworks */ = {
			isa = PBXGroup;
			children = (
				17147BD098F50957F7C7ADCB /* Pods_Touch_Tab.framework */,
			);
			name = Frameworks;
			sourceTree = "<group>";
		};
		A2B80F83936961C5C3F28572 /* Pods */ = {
			isa = PBXGroup;
			children = (
				1895588D30A0C0EE053A4AD3 /* Pods-Touch-Tab.debug.xcconfig */,
				B3C1D4067705F92EBBB19B65 /* Pods-Touch-Tab.release.xcconfig */,
			);
			path = Pods;
			sourceTree = "<group>";
		};
/* End PBXGroup section */

/* Begin PBXNativeTarget section */
		58BC5B1428B3C37B0013EAD3 /* Touch-Tab */ = {
			isa = PBXNativeTarget;
			buildConfigurationList = 58BC5B2428B3C37E0013EAD3 /* Build configuration list for PBXNativeTarget "Touch-Tab" */;
			buildPhases = (
				881F4272666388D0746F318E /* [CP] Check Pods Manifest.lock */,
				58BC5B1128B3C37B0013EAD3 /* Sources */,
				58BC5B1228B3C37B0013EAD3 /* Frameworks */,
				58BC5B1328B3C37B0013EAD3 /* Resources */,
				80C7D22DFBC23F14041A8EC9 /* [CP] Embed Pods Frameworks */,
			);
			buildRules = (
			);
			dependencies = (
			);
			name = "Touch-Tab";
			productName = "Touch-Tab";
			productReference = 58BC5B1528B3C37B0013EAD3 /* Touch-Tab.app */;
			productType = "com.apple.product-type.application";
		};
/* End PBXNativeTarget section */

/* Begin PBXProject section */
		58BC5B0D28B3C37B0013EAD3 /* Project object */ = {
			isa = PBXProject;
			attributes = {
				BuildIndependentTargetsInParallel = 1;
				LastSwiftUpdateCheck = 1340;
				LastUpgradeCheck = 1340;
				TargetAttributes = {
					58BC5B1428B3C37B0013EAD3 = {
						CreatedOnToolsVersion = 13.4.1;
						LastSwiftMigration = 1340;
					};
				};
			};
			buildConfigurationList = 58BC5B1028B3C37B0013EAD3 /* Build configuration list for PBXProject "Touch-Tab" */;
			compatibilityVersion = "Xcode 13.0";
			developmentRegion = en;
			hasScannedForEncodings = 0;
			knownRegions = (
				en,
				Base,
			);
			mainGroup = 58BC5B0C28B3C37B0013EAD3;
			productRefGroup = 58BC5B1628B3C37B0013EAD3 /* Products */;
			projectDirPath = "";
			projectRoot = "";
			targets = (
				58BC5B1428B3C37B0013EAD3 /* Touch-Tab */,
			);
		};
/* End PBXProject section */

/* Begin PBXResourcesBuildPhase section */
		58BC5B1328B3C37B0013EAD3 /* Resources */ = {
			isa = PBXResourcesBuildPhase;
			buildActionMask = 2147483647;
			files = (
				58BC5B2D28B3C4C30013EAD3 /* Assets.xcassets in Resources */,
			);
			runOnlyForDeploymentPostprocessing = 0;
		};
/* End PBXResourcesBuildPhase section */

/* Begin PBXShellScriptBuildPhase section */
		80C7D22DFBC23F14041A8EC9 /* [CP] Embed Pods Frameworks */ = {
			isa = PBXShellScriptBuildPhase;
			buildActionMask = 2147483647;
			files = (
			);
			inputFileListPaths = (
				"${PODS_ROOT}/Target Support Files/Pods-Touch-Tab/Pods-Touch-Tab-frameworks-${CONFIGURATION}-input-files.xcfilelist",
			);
			name = "[CP] Embed Pods Frameworks";
			outputFileListPaths = (
				"${PODS_ROOT}/Target Support Files/Pods-Touch-Tab/Pods-Touch-Tab-frameworks-${CONFIGURATION}-output-files.xcfilelist",
			);
			runOnlyForDeploymentPostprocessing = 0;
			shellPath = /bin/sh;
			shellScript = "\"${PODS_ROOT}/Target Support Files/Pods-Touch-Tab/Pods-Touch-Tab-frameworks.sh\"\n";
			showEnvVarsInLog = 0;
		};
		881F4272666388D0746F318E /* [CP] Check Pods Manifest.lock */ = {
			isa = PBXShellScriptBuildPhase;
			buildActionMask = 2147483647;
			files = (
			);
			inputFileListPaths = (
			);
			inputPaths = (
				"${PODS_PODFILE_DIR_PATH}/Podfile.lock",
				"${PODS_ROOT}/Manifest.lock",
			);
			name = "[CP] Check Pods Manifest.lock";
			outputFileListPaths = (
			);
			outputPaths = (
				"$(DERIVED_FILE_DIR)/Pods-Touch-Tab-checkManifestLockResult.txt",
			);
			runOnlyForDeploymentPostprocessing = 0;
			shellPath = /bin/sh;
			shellScript = "diff \"${PODS_PODFILE_DIR_PATH}/Podfile.lock\" \"${PODS_ROOT}/Manifest.lock\" > /dev/null\nif [ $? != 0 ] ; then\n    # print error to STDERR\n    echo \"error: The sandbox is not in sync with the Podfile.lock. Run 'pod install' or update your CocoaPods installation.\" >&2\n    exit 1\nfi\n# This output is used by Xcode 'outputs' to avoid re-running this script phase.\necho \"SUCCESS\" > \"${SCRIPT_OUTPUT_FILE_0}\"\n";
			showEnvVarsInLog = 0;
		};
/* End PBXShellScriptBuildPhase section */

/* Begin PBXSourcesBuildPhase section */
		58BC5B1128B3C37B0013EAD3 /* Sources */ = {
			isa = PBXSourcesBuildPhase;
			buildActionMask = 2147483647;
			files = (
				58BC5B2E28B3C4C30013EAD3 /* AppDelegate.swift in Sources */,
				58BC5B2C28B3C4C30013EAD3 /* SwipeManager.swift in Sources */,
				58BC5B2F28B3C4C30013EAD3 /* main.swift in Sources */,
			);
			runOnlyForDeploymentPostprocessing = 0;
		};
/* End PBXSourcesBuildPhase section */

/* Begin XCBuildConfiguration section */
		58BC5B2228B3C37E0013EAD3 /* Debug */ = {
			isa = XCBuildConfiguration;
			buildSettings = {
				ALWAYS_SEARCH_USER_PATHS = NO;
				CLANG_ANALYZER_NONNULL = YES;
				CLANG_ANALYZER_NUMBER_OBJECT_CONVERSION = YES_AGGRESSIVE;
				CLANG_CXX_LANGUAGE_STANDARD = "gnu++17";
				CLANG_ENABLE_MODULES = YES;
				CLANG_ENABLE_OBJC_ARC = YES;
				CLANG_ENABLE_OBJC_WEAK = YES;
				CLANG_WARN_BLOCK_CAPTURE_AUTORELEASING = YES;
				CLANG_WARN_BOOL_CONVERSION = YES;
				CLANG_WARN_COMMA = YES;
				CLANG_WARN_CONSTANT_CONVERSION = YES;
				CLANG_WARN_DEPRECATED_OBJC_IMPLEMENTATIONS = YES;
				CLANG_WARN_DIRECT_OBJC_ISA_USAGE = YES_ERROR;
				CLANG_WARN_DOCUMENTATION_COMMENTS = YES;
				CLANG_WARN_EMPTY_BODY = YES;
				CLANG_WARN_ENUM_CONVERSION = YES;
				CLANG_WARN_INFINITE_RECURSION = YES;
				CLANG_WARN_INT_CONVERSION = YES;
				CLANG_WARN_NON_LITERAL_NULL_CONVERSION = YES;
				CLANG_WARN_OBJC_IMPLICIT_RETAIN_SELF = YES;
				CLANG_WARN_OBJC_LITERAL_CONVERSION = YES;
				CLANG_WARN_OBJC_ROOT_CLASS = YES_ERROR;
				CLANG_WARN_QUOTED_INCLUDE_IN_FRAMEWORK_HEADER = YES;
				CLANG_WARN_RANGE_LOOP_ANALYSIS = YES;
				CLANG_WARN_STRICT_PROTOTYPES = YES;
				CLANG_WARN_SUSPICIOUS_MOVE = YES;
				CLANG_WARN_UNGUARDED_AVAILABILITY = YES_AGGRESSIVE;
				CLANG_WARN_UNREACHABLE_CODE = YES;
				CLANG_WARN__DUPLICATE_METHOD_MATCH = YES;
				COPY_PHASE_STRIP = NO;
				DEBUG_INFORMATION_FORMAT = dwarf;
				ENABLE_STRICT_OBJC_MSGSEND = YES;
				ENABLE_TESTABILITY = YES;
				GCC_C_LANGUAGE_STANDARD = gnu11;
				GCC_DYNAMIC_NO_PIC = NO;
				GCC_NO_COMMON_BLOCKS = YES;
				GCC_OPTIMIZATION_LEVEL = 0;
				GCC_PREPROCESSOR_DEFINITIONS = (
					"DEBUG=1",
					"$(inherited)",
				);
				GCC_WARN_64_TO_32_BIT_CONVERSION = YES;
				GCC_WARN_ABOUT_RETURN_TYPE = YES_ERROR;
				GCC_WARN_UNDECLARED_SELECTOR = YES;
				GCC_WARN_UNINITIALIZED_AUTOS = YES_AGGRESSIVE;
				GCC_WARN_UNUSED_FUNCTION = YES;
				GCC_WARN_UNUSED_VARIABLE = YES;
				MACOSX_DEPLOYMENT_TARGET = 10.15;
				MTL_ENABLE_DEBUG_INFO = INCLUDE_SOURCE;
				MTL_FAST_MATH = YES;
				ONLY_ACTIVE_ARCH = YES;
				SDKROOT = macosx;
				SWIFT_ACTIVE_COMPILATION_CONDITIONS = DEBUG;
				SWIFT_OPTIMIZATION_LEVEL = "-Onone";
			};
			name = Debug;
		};
		58BC5B2328B3C37E0013EAD3 /* Release */ = {
			isa = XCBuildConfiguration;
			buildSettings = {
				ALWAYS_SEARCH_USER_PATHS = NO;
				CLANG_ANALYZER_NONNULL = YES;
				CLANG_ANALYZER_NUMBER_OBJECT_CONVERSION = YES_AGGRESSIVE;
				CLANG_CXX_LANGUAGE_STANDARD = "gnu++17";
				CLANG_ENABLE_MODULES = YES;
				CLANG_ENABLE_OBJC_ARC = YES;
				CLANG_ENABLE_OBJC_WEAK = YES;
				CLANG_WARN_BLOCK_CAPTURE_AUTORELEASING = YES;
				CLANG_WARN_BOOL_CONVERSION = YES;
				CLANG_WARN_COMMA = YES;
				CLANG_WARN_CONSTANT_CONVERSION = YES;
				CLANG_WARN_DEPRECATED_OBJC_IMPLEMENTATIONS = YES;
				CLANG_WARN_DIRECT_OBJC_ISA_USAGE = YES_ERROR;
				CLANG_WARN_DOCUMENTATION_COMMENTS = YES;
				CLANG_WARN_EMPTY_BODY = YES;
				CLANG_WARN_ENUM_CONVERSION = YES;
				CLANG_WARN_INFINITE_RECURSION = YES;
				CLANG_WARN_INT_CONVERSION = YES;
				CLANG_WARN_NON_LITERAL_NULL_CONVERSION = YES;
				CLANG_WARN_OBJC_IMPLICIT_RETAIN_SELF = YES;
				CLANG_WARN_OBJC_LITERAL_CONVERSION = YES;
				CLANG_WARN_OBJC_ROOT_CLASS = YES_ERROR;
				CLANG_WARN_QUOTED_INCLUDE_IN_FRAMEWORK_HEADER = YES;
				CLANG_WARN_RANGE_LOOP_ANALYSIS = YES;
				CLANG_WARN_STRICT_PROTOTYPES = YES;
				CLANG_WARN_SUSPICIOUS_MOVE = YES;
				CLANG_WARN_UNGUARDED_AVAILABILITY = YES_AGGRESSIVE;
				CLANG_WARN_UNREACHABLE_CODE = YES;
				CLANG_WARN__DUPLICATE_METHOD_MATCH = YES;
				COPY_PHASE_STRIP = NO;
				DEBUG_INFORMATION_FORMAT = "dwarf-with-dsym";
				ENABLE_NS_ASSERTIONS = NO;
				ENABLE_STRICT_OBJC_MSGSEND = YES;
				GCC_C_LANGUAGE_STANDARD = gnu11;
				GCC_NO_COMMON_BLOCKS = YES;
				GCC_WARN_64_TO_32_BIT_CONVERSION = YES;
				GCC_WARN_ABOUT_RETURN_TYPE = YES_ERROR;
				GCC_WARN_UNDECLARED_SELECTOR = YES;
				GCC_WARN_UNINITIALIZED_AUTOS = YES_AGGRESSIVE;
				GCC_WARN_UNUSED_FUNCTION = YES;
				GCC_WARN_UNUSED_VARIABLE = YES;
				MACOSX_DEPLOYMENT_TARGET = 10.15;
				MTL_ENABLE_DEBUG_INFO = NO;
				MTL_FAST_MATH = YES;
				SDKROOT = macosx;
				SWIFT_COMPILATION_MODE = wholemodule;
				SWIFT_OPTIMIZATION_LEVEL = "-O";
			};
			name = Release;
		};
		58BC5B2528B3C37E0013EAD3 /* Debug */ = {
			isa = XCBuildConfiguration;
			baseConfigurationReference = 1895588D30A0C0EE053A4AD3 /* Pods-Touch-Tab.debug.xcconfig */;
			buildSettings = {
				ASSETCATALOG_COMPILER_APPICON_NAME = AppIcon;
				CLANG_ENABLE_MODULES = YES;
				CODE_SIGN_ENTITLEMENTS = "Touch-Tab/Touch_Tab.entitlements";
				CODE_SIGN_STYLE = Automatic;
				COMBINE_HIDPI_IMAGES = YES;
				CURRENT_PROJECT_VERSION = 1;
				DEVELOPMENT_ASSET_PATHS = "\"Touch-Tab/Assets.xcassets\"";
				ENABLE_PREVIEWS = YES;
				GENERATE_INFOPLIST_FILE = YES;
				INFOPLIST_FILE = "Touch-Tab/Info.plist";
				INFOPLIST_KEY_NSHumanReadableCopyright = "";
				LD_RUNPATH_SEARCH_PATHS = (
					"$(inherited)",
					"@executable_path/../Frameworks",
				);
				MARKETING_VERSION = 1.0.0;
				PRODUCT_BUNDLE_IDENTIFIER = "ris58h.Touch-Tab";
				PRODUCT_NAME = "$(TARGET_NAME)";
				SWIFT_EMIT_LOC_STRINGS = YES;
				SWIFT_OPTIMIZATION_LEVEL = "-Onone";
				SWIFT_VERSION = 5.0;
			};
			name = Debug;
		};
		58BC5B2628B3C37E0013EAD3 /* Release */ = {
			isa = XCBuildConfiguration;
			baseConfigurationReference = B3C1D4067705F92EBBB19B65 /* Pods-Touch-Tab.release.xcconfig */;
			buildSettings = {
				ASSETCATALOG_COMPILER_APPICON_NAME = AppIcon;
				CLANG_ENABLE_MODULES = YES;
				CODE_SIGN_ENTITLEMENTS = "Touch-Tab/Touch_Tab.entitlements";
				CODE_SIGN_STYLE = Automatic;
				COMBINE_HIDPI_IMAGES = YES;
				CURRENT_PROJECT_VERSION = 1;
				DEVELOPMENT_ASSET_PATHS = "\"Touch-Tab/Assets.xcassets\"";
				ENABLE_PREVIEWS = YES;
				GENERATE_INFOPLIST_FILE = YES;
				INFOPLIST_FILE = "Touch-Tab/Info.plist";
				INFOPLIST_KEY_NSHumanReadableCopyright = "";
				LD_RUNPATH_SEARCH_PATHS = (
					"$(inherited)",
					"@executable_path/../Frameworks",
				);
				MARKETING_VERSION = 1.0.0;
				PRODUCT_BUNDLE_IDENTIFIER = "ris58h.Touch-Tab";
				PRODUCT_NAME = "$(TARGET_NAME)";
				SWIFT_EMIT_LOC_STRINGS = YES;
				SWIFT_VERSION = 5.0;
			};
			name = Release;
		};
/* End XCBuildConfiguration section */

/* Begin XCConfigurationList section */
		58BC5B1028B3C37B0013EAD3 /* Build configuration list for PBXProject "Touch-Tab" */ = {
			isa = XCConfigurationList;
			buildConfigurations = (
				58BC5B2228B3C37E0013EAD3 /* Debug */,
				58BC5B2328B3C37E0013EAD3 /* Release */,
			);
			defaultConfigurationIsVisible = 0;
			defaultConfigurationName = Release;
		};
		58BC5B2428B3C37E0013EAD3 /* Build configuration list for PBXNativeTarget "Touch-Tab" */ = {
			isa = XCConfigurationList;
			buildConfigurations = (
				58BC5B2528B3C37E0013EAD3 /* Debug */,
				58BC5B2628B3C37E0013EAD3 /* Release */,
			);
			defaultConfigurationIsVisible = 0;
			defaultConfigurationName = Release;
		};
/* End XCConfigurationList section */
	};
	rootObject = 58BC5B0D28B3C37B0013EAD3 /* Project object */;
}
